
Microsoft Visual Studio Solution File, Format Version 12.00
# Visual Studio Version 17
VisualStudioVersion = 17.14.36518.9 d17.14
MinimumVisualStudioVersion = 10.0.40219.1
Project("{FAE04EC0-301F-11D3-BF4B-00C04F79EFBC}") = "Jellyfin-easier-life", "Jellyfin-easier-life\Jellyfin-easier-life.csproj", "{73486D72-CF9F-4462-B03D-8A6B7F39DB7A}"
EndProject
Global
	GlobalSection(SolutionConfigurationPlatforms) = preSolution
		Debug|Any CPU = Debug|Any CPU
		Release|Any CPU = Release|Any CPU
	EndGlobalSection
	GlobalSection(ProjectConfigurationPlatforms) = postSolution
		{73486D72-CF9F-4462-B03D-8A6B7F39DB7A}.Debug|Any CPU.ActiveCfg = Debug|Any CPU
		{73486D72-CF9F-4462-B03D-8A6B7F39DB7A}.Debug|Any CPU.Build.0 = Debug|Any CPU
		{73486D72-CF9F-4462-B03D-8A6B7F39DB7A}.Release|Any CPU.ActiveCfg = Release|Any CPU
		{73486D72-CF9F-4462-B03D-8A6B7F39DB7A}.Release|Any CPU.Build.0 = Release|Any CPU
	EndGlobalSection
	GlobalSection(SolutionProperties) = preSolution
		HideSolutionNode = FALSE
	EndGlobalSection
	GlobalSection(ExtensibilityGlobals) = postSolution
		SolutionGuid = {52BF2365-BE12-46E7-BB85-A752ED4E0483}
	EndGlobalSection
EndGlobal
